
Microsoft Visual Studio Solution File, Format Version 12.00
# Visual Studio Version 16
VisualStudioVersion = 16.0.30907.101
MinimumVisualStudioVersion = 10.0.40219.1
Project("{FAE04EC0-301F-11D3-BF4B-00C04F79EFBC}") = "OrderDeliveryTracker", "OrderDeliveryTracker\OrderDeliveryTracker.csproj", "{CC21278A-6B7F-4F18-AF52-2C49726050A1}"
EndProject
Global
	GlobalSection(SolutionConfigurationPlatforms) = preSolution
		Debug|Any CPU = Debug|Any CPU
		Release|Any CPU = Release|Any CPU
	EndGlobalSection
	GlobalSection(ProjectConfigurationPlatforms) = postSolution
		{CC21278A-6B7F-4F18-AF52-2C49726050A1}.Debug|Any CPU.ActiveCfg = Debug|Any CPU
		{CC21278A-6B7F-4F18-AF52-2C49726050A1}.Debug|Any CPU.Build.0 = Debug|Any CPU
		{CC21278A-6B7F-4F18-AF52-2C49726050A1}.Release|Any CPU.ActiveCfg = Release|Any CPU
		{CC21278A-6B7F-4F18-AF52-2C49726050A1}.Release|Any CPU.Build.0 = Release|Any CPU
	EndGlobalSection
	GlobalSection(SolutionProperties) = preSolution
		HideSolutionNode = FALSE
	EndGlobalSection
	GlobalSection(ExtensibilityGlobals) = postSolution
		SolutionGuid = {7A07358A-32CB-410F-A306-98F4D8C3B8ED}
	EndGlobalSection
EndGlobal
